
Microsoft Visual Studio Solution File, Format Version 12.00
# Visual Studio 15
VisualStudioVersion = 15.0.28307.852
MinimumVisualStudioVersion = 10.0.40219.1
Project("{8BC9CEB8-8B4A-11D0-8D11-00A0C91BC942}") = "Lesson_14_OOP", "Lesson_14_OOP\Lesson_14_OOP.vcxproj", "{B2AE57F7-2E62-4F00-A9AA-AAEF5CF4FB39}"
EndProject
Global
	GlobalSection(SolutionConfigurationPlatforms) = preSolution
		Debug|x64 = Debug|x64
		Debug|x86 = Debug|x86
		Release|x64 = Release|x64
		Release|x86 = Release|x86
	EndGlobalSection
	GlobalSection(ProjectConfigurationPlatforms) = postSolution
		{B2AE57F7-2E62-4F00-A9AA-AAEF5CF4FB39}.Debug|x64.ActiveCfg = Debug|x64
		{B2AE57F7-2E62-4F00-A9AA-AAEF5CF4FB39}.Debug|x64.Build.0 = Debug|x64
		{B2AE57F7-2E62-4F00-A9AA-AAEF5CF4FB39}.Debug|x86.ActiveCfg = Debug|Win32
		{B2AE57F7-2E62-4F00-A9AA-AAEF5CF4FB39}.Debug|x86.Build.0 = Debug|Win32
		{B2AE57F7-2E62-4F00-A9AA-AAEF5CF4FB39}.Release|x64.ActiveCfg = Release|x64
		{B2AE57F7-2E62-4F00-A9AA-AAEF5CF4FB39}.Release|x64.Build.0 = Release|x64
		{B2AE57F7-2E62-4F00-A9AA-AAEF5CF4FB39}.Release|x86.ActiveCfg = Release|Win32
		{B2AE57F7-2E62-4F00-A9AA-AAEF5CF4FB39}.Release|x86.Build.0 = Release|Win32
	EndGlobalSection
	GlobalSection(SolutionProperties) = preSolution
		HideSolutionNode = FALSE
	EndGlobalSection
	GlobalSection(ExtensibilityGlobals) = postSolution
		SolutionGuid = {B4DCB8D5-913A-4B34-AB0A-CEF1FFBF34DB}
	EndGlobalSection
EndGlobal
