
Microsoft Visual Studio Solution File, Format Version 12.00
# Visual Studio 15
VisualStudioVersion = 15.0.28307.852
MinimumVisualStudioVersion = 10.0.40219.1
Project("{8BC9CEB8-8B4A-11D0-8D11-00A0C91BC942}") = "Lesson_21_OOP", "Lesson_21_OOP\Lesson_21_OOP.vcxproj", "{BE335CB8-6B86-43C2-91A0-D1DBE988581E}"
EndProject
Global
	GlobalSection(SolutionConfigurationPlatforms) = preSolution
		Debug|x64 = Debug|x64
		Debug|x86 = Debug|x86
		Release|x64 = Release|x64
		Release|x86 = Release|x86
	EndGlobalSection
	GlobalSection(ProjectConfigurationPlatforms) = postSolution
		{BE335CB8-6B86-43C2-91A0-D1DBE988581E}.Debug|x64.ActiveCfg = Debug|x64
		{BE335CB8-6B86-43C2-91A0-D1DBE988581E}.Debug|x64.Build.0 = Debug|x64
		{BE335CB8-6B86-43C2-91A0-D1DBE988581E}.Debug|x86.ActiveCfg = Debug|Win32
		{BE335CB8-6B86-43C2-91A0-D1DBE988581E}.Debug|x86.Build.0 = Debug|Win32
		{BE335CB8-6B86-43C2-91A0-D1DBE988581E}.Release|x64.ActiveCfg = Release|x64
		{BE335CB8-6B86-43C2-91A0-D1DBE988581E}.Release|x64.Build.0 = Release|x64
		{BE335CB8-6B86-43C2-91A0-D1DBE988581E}.Release|x86.ActiveCfg = Release|Win32
		{BE335CB8-6B86-43C2-91A0-D1DBE988581E}.Release|x86.Build.0 = Release|Win32
	EndGlobalSection
	GlobalSection(SolutionProperties) = preSolution
		HideSolutionNode = FALSE
	EndGlobalSection
	GlobalSection(ExtensibilityGlobals) = postSolution
		SolutionGuid = {EDC7F248-B5CF-4BFC-9AD1-06FA5D83DB5A}
	EndGlobalSection
EndGlobal
