
Microsoft Visual Studio Solution File, Format Version 12.00
# Visual Studio 15
VisualStudioVersion = 15.0.28307.852
MinimumVisualStudioVersion = 10.0.40219.1
Project("{8BC9CEB8-8B4A-11D0-8D11-00A0C91BC942}") = "Lesson_16_OOP", "Lesson_16_OOP\Lesson_16_OOP.vcxproj", "{FCC98026-7A0E-4D5B-A56E-9803A55EE893}"
EndProject
Global
	GlobalSection(SolutionConfigurationPlatforms) = preSolution
		Debug|x64 = Debug|x64
		Debug|x86 = Debug|x86
		Release|x64 = Release|x64
		Release|x86 = Release|x86
	EndGlobalSection
	GlobalSection(ProjectConfigurationPlatforms) = postSolution
		{FCC98026-7A0E-4D5B-A56E-9803A55EE893}.Debug|x64.ActiveCfg = Debug|x64
		{FCC98026-7A0E-4D5B-A56E-9803A55EE893}.Debug|x64.Build.0 = Debug|x64
		{FCC98026-7A0E-4D5B-A56E-9803A55EE893}.Debug|x86.ActiveCfg = Debug|Win32
		{FCC98026-7A0E-4D5B-A56E-9803A55EE893}.Debug|x86.Build.0 = Debug|Win32
		{FCC98026-7A0E-4D5B-A56E-9803A55EE893}.Release|x64.ActiveCfg = Release|x64
		{FCC98026-7A0E-4D5B-A56E-9803A55EE893}.Release|x64.Build.0 = Release|x64
		{FCC98026-7A0E-4D5B-A56E-9803A55EE893}.Release|x86.ActiveCfg = Release|Win32
		{FCC98026-7A0E-4D5B-A56E-9803A55EE893}.Release|x86.Build.0 = Release|Win32
	EndGlobalSection
	GlobalSection(SolutionProperties) = preSolution
		HideSolutionNode = FALSE
	EndGlobalSection
	GlobalSection(ExtensibilityGlobals) = postSolution
		SolutionGuid = {71D0E0AD-D890-4564-83CC-4EF9E132BC19}
	EndGlobalSection
EndGlobal
